
Microsoft Visual Studio Solution File, Format Version 12.00
# Visual Studio Version 16
VisualStudioVersion = 16.0.30225.117
MinimumVisualStudioVersion = 10.0.40219.1
Project("{FAE04EC0-301F-11D3-BF4B-00C04F79EFBC}") = "stanZoBankWebUI", "StanZoBank\stanZoBankWebUI.csproj", "{BB727863-5282-4E76-AEE5-28EB56374C0A}"
EndProject
Project("{FAE04EC0-301F-11D3-BF4B-00C04F79EFBC}") = "stanZoBankWebUI.Tests", "StanZoBank.Tests\stanZoBankWebUI.Tests.csproj", "{7D8225AE-5899-4265-81D2-CC8E5A3F2E55}"
EndProject
Project("{FAE04EC0-301F-11D3-BF4B-00C04F79EFBC}") = "StanZoBank.Domain", "StanZoBank.Domain\StanZoBank.Domain.csproj", "{479756AA-80F0-483C-9C8E-180BED68C1E0}"
EndProject
Global
	GlobalSection(SolutionConfigurationPlatforms) = preSolution
		Debug|Any CPU = Debug|Any CPU
		Release|Any CPU = Release|Any CPU
	EndGlobalSection
	GlobalSection(ProjectConfigurationPlatforms) = postSolution
		{BB727863-5282-4E76-AEE5-28EB56374C0A}.Debug|Any CPU.ActiveCfg = Debug|Any CPU
		{BB727863-5282-4E76-AEE5-28EB56374C0A}.Debug|Any CPU.Build.0 = Debug|Any CPU
		{BB727863-5282-4E76-AEE5-28EB56374C0A}.Release|Any CPU.ActiveCfg = Release|Any CPU
		{BB727863-5282-4E76-AEE5-28EB56374C0A}.Release|Any CPU.Build.0 = Release|Any CPU
		{7D8225AE-5899-4265-81D2-CC8E5A3F2E55}.Debug|Any CPU.ActiveCfg = Debug|Any CPU
		{7D8225AE-5899-4265-81D2-CC8E5A3F2E55}.Debug|Any CPU.Build.0 = Debug|Any CPU
		{7D8225AE-5899-4265-81D2-CC8E5A3F2E55}.Release|Any CPU.ActiveCfg = Release|Any CPU
		{7D8225AE-5899-4265-81D2-CC8E5A3F2E55}.Release|Any CPU.Build.0 = Release|Any CPU
		{479756AA-80F0-483C-9C8E-180BED68C1E0}.Debug|Any CPU.ActiveCfg = Debug|Any CPU
		{479756AA-80F0-483C-9C8E-180BED68C1E0}.Debug|Any CPU.Build.0 = Debug|Any CPU
		{479756AA-80F0-483C-9C8E-180BED68C1E0}.Release|Any CPU.ActiveCfg = Release|Any CPU
		{479756AA-80F0-483C-9C8E-180BED68C1E0}.Release|Any CPU.Build.0 = Release|Any CPU
	EndGlobalSection
	GlobalSection(SolutionProperties) = preSolution
		HideSolutionNode = FALSE
	EndGlobalSection
	GlobalSection(ExtensibilityGlobals) = postSolution
		SolutionGuid = {87A45575-42C8-48C5-9171-6544C0A69920}
	EndGlobalSection
EndGlobal
